// !$*UTF8*$!
{
	archiveVersion = 1;
	classes = {
	};
	objectVersion = 60;
	objects = {

/* Begin PBXBuildFile section */
		1A1A1A1A1A1A1A1A1A1A1001 /* KmpTodoApp.swift in Sources */ = {isa = PBXBuildFile; fileRef = 1A1A1A1A1A1A1A1A1A1A2001 /* KmpTodoApp.swift */; };
		1A1A1A1A1A1A1A1A1A1A1002 /* ContentView.swift in Sources */ = {isa = PBXBuildFile; fileRef = 1A1A1A1A1A1A1A1A1A1A2002 /* ContentView.swift */; };
		1A1A1A1A1A1A1A1A1A1A1003 /* IosViewModelStoreOwner.swift in Sources */ = {isa = PBXBuildFile; fileRef = 1A1A1A1A1A1A1A1A1A1A2003 /* IosViewModelStoreOwner.swift */; };
		1A1A1A1A1A1A1A1A1A1A1004 /* TodoObservableModel.swift in Sources */ = {isa = PBXBuildFile; fileRef = 1A1A1A1A1A1A1A1A1A1A2004 /* TodoObservableModel.swift */; };
		1A1A1A1A1A1A1A1A1A1A1005 /* TodoModelHolder.swift in Sources */ = {isa = PBXBuildFile; fileRef = 1A1A1A1A1A1A1A1A1A1A2006 /* TodoModelHolder.swift */; };
/* End PBXBuildFile section */

/* Begin PBXContainerItemProxy section */
		2B2B2B2B2B2B2B2B2B2B9001 /* PBXContainerItemProxy */ = {
			isa = PBXContainerItemProxy;
			containerPortal = 1A1A1A1A1A1A1A1A1A1A8001 /* Project object */;
			proxyType = 1;
			remoteGlobalIDString = 2B2B2B2B2B2B2B2B2B2B5001;
			remoteInfo = SharedFramework;
		};
/* End PBXContainerItemProxy section */

/* Begin PBXFileReference section */
		1A1A1A1A1A1A1A1A1A1A2001 /* KmpTodoApp.swift */ = {isa = PBXFileReference; lastKnownFileType = sourcecode.swift; path = KmpTodoApp.swift; sourceTree = "<group>"; };
		1A1A1A1A1A1A1A1A1A1A2002 /* ContentView.swift */ = {isa = PBXFileReference; lastKnownFileType = sourcecode.swift; path = ContentView.swift; sourceTree = "<group>"; };
		1A1A1A1A1A1A1A1A1A1A2003 /* IosViewModelStoreOwner.swift */ = {isa = PBXFileReference; lastKnownFileType = sourcecode.swift; path = IosViewModelStoreOwner.swift; sourceTree = "<group>"; };
		1A1A1A1A1A1A1A1A1A1A2004 /* TodoObservableModel.swift */ = {isa = PBXFileReference; lastKnownFileType = sourcecode.swift; path = TodoObservableModel.swift; sourceTree = "<group>"; };
		1A1A1A1A1A1A1A1A1A1A2005 /* iosApp.app */ = {isa = PBXFileReference; explicitFileType = wrapper.application; includeInIndex = 0; path = iosApp.app; sourceTree = BUILT_PRODUCTS_DIR; };
		1A1A1A1A1A1A1A1A1A1A2006 /* TodoModelHolder.swift */ = {isa = PBXFileReference; lastKnownFileType = sourcecode.swift; path = TodoModelHolder.swift; sourceTree = "<group>"; };
/* End PBXFileReference section */

/* Begin PBXFrameworksBuildPhase section */
		1A1A1A1A1A1A1A1A1A1A3001 /* Frameworks */ = {
			isa = PBXFrameworksBuildPhase;
			buildActionMask = 2147483647;
			files = (
			);
			runOnlyForDeploymentPostprocessing = 0;
		};
/* End PBXFrameworksBuildPhase section */

/* Begin PBXGroup section */
		1A1A1A1A1A1A1A1A1A1A4001 = {
			isa = PBXGroup;
			children = (
				1A1A1A1A1A1A1A1A1A1A4002 /* iosApp */,
				1A1A1A1A1A1A1A1A1A1A4003 /* Products */,
			);
			sourceTree = "<group>";
		};
		1A1A1A1A1A1A1A1A1A1A4002 /* iosApp */ = {
			isa = PBXGroup;
			children = (
				1A1A1A1A1A1A1A1A1A1A2001 /* KmpTodoApp.swift */,
				1A1A1A1A1A1A1A1A1A1A2002 /* ContentView.swift */,
				1A1A1A1A1A1A1A1A1A1A2003 /* IosViewModelStoreOwner.swift */,
				1A1A1A1A1A1A1A1A1A1A2004 /* TodoObservableModel.swift */,
				1A1A1A1A1A1A1A1A1A1A2006 /* TodoModelHolder.swift */,
			);
			path = iosApp;
			sourceTree = "<group>";
		};
		1A1A1A1A1A1A1A1A1A1A4003 /* Products */ = {
			isa = PBXGroup;
			children = (
				1A1A1A1A1A1A1A1A1A1A2005 /* iosApp.app */,
			);
			name = Products;
			sourceTree = "<group>";
		};
/* End PBXGroup section */

/* Begin PBXAggregateTarget section */
		2B2B2B2B2B2B2B2B2B2B5001 /* SharedFramework */ = {
			isa = PBXAggregateTarget;
			buildConfigurationList = 2B2B2B2B2B2B2B2B2B2B9002 /* Build configuration list for PBXAggregateTarget "SharedFramework" */;
			buildPhases = (
				2B2B2B2B2B2B2B2B2B2B7001 /* Prepare Shared Framework */,
			);
			dependencies = (
			);
			name = SharedFramework;
			productName = SharedFramework;
		};
/* End PBXAggregateTarget section */

/* Begin PBXNativeTarget section */
		1A1A1A1A1A1A1A1A1A1A5001 /* iosApp */ = {
			isa = PBXNativeTarget;
			buildConfigurationList = 1A1A1A1A1A1A1A1A1A1A9002 /* Build configuration list for PBXNativeTarget "iosApp" */;
			buildPhases = (
				1A1A1A1A1A1A1A1A1A1A6001 /* Sources */,
				1A1A1A1A1A1A1A1A1A1A7001 /* Build Shared Framework */,
				1A1A1A1A1A1A1A1A1A1A3001 /* Frameworks */,
			);
			buildRules = (
			);
			dependencies = (
				2B2B2B2B2B2B2B2B2B2B9003 /* PBXTargetDependency */,
			);
			name = iosApp;
			productName = iosApp;
			productReference = 1A1A1A1A1A1A1A1A1A1A2005 /* iosApp.app */;
			productType = "com.apple.product-type.application";
		};
/* End PBXNativeTarget section */

/* Begin PBXProject section */
		1A1A1A1A1A1A1A1A1A1A8001 /* Project object */ = {
			isa = PBXProject;
			attributes = {
				BuildIndependentTargetsInParallel = 1;
				LastSwiftUpdateCheck = 2630;
				LastUpgradeCheck = 2630;
				TargetAttributes = {
					1A1A1A1A1A1A1A1A1A1A5001 = {
						CreatedOnToolsVersion = 26.3;
					};
				};
			};
			buildConfigurationList = 1A1A1A1A1A1A1A1A1A1A9001 /* Build configuration list for PBXProject "iosApp" */;
			compatibilityVersion = "Xcode 15.0";
			developmentRegion = en;
			hasScannedForEncodings = 0;
			knownRegions = (
				en,
				Base,
			);
			mainGroup = 1A1A1A1A1A1A1A1A1A1A4001;
			productRefGroup = 1A1A1A1A1A1A1A1A1A1A4003 /* Products */;
			projectDirPath = "";
			projectRoot = "";
			targets = (
				2B2B2B2B2B2B2B2B2B2B5001 /* SharedFramework */,
				1A1A1A1A1A1A1A1A1A1A5001 /* iosApp */,
			);
		};
/* End PBXProject section */

/* Begin PBXShellScriptBuildPhase section */
		2B2B2B2B2B2B2B2B2B2B7001 /* Prepare Shared Framework */ = {
			isa = PBXShellScriptBuildPhase;
			alwaysOutOfDate = 1;
			buildActionMask = 2147483647;
			files = (
			);
			inputPaths = (
			);
			name = "Prepare Shared Framework";
			outputPaths = (
				"$(SRCROOT)/../shared/build/xcode-frameworks/$(CONFIGURATION)/$(SDK_NAME)/Shared.framework",
			);
			runOnlyForDeploymentPostprocessing = 0;
			shellPath = /bin/sh;
			shellScript = "cd \"$SRCROOT/..\"\n./scripts/build-shared-xcode-framework.sh\n";
		};
		1A1A1A1A1A1A1A1A1A1A7001 /* Build Shared Framework */ = {
			isa = PBXShellScriptBuildPhase;
			alwaysOutOfDate = 1;
			buildActionMask = 2147483647;
			files = (
			);
			inputPaths = (
			);
			name = "Build Shared Framework";
			outputPaths = (
				"$(TARGET_BUILD_DIR)/$(FRAMEWORKS_FOLDER_PATH)/Shared.framework",
			);
			runOnlyForDeploymentPostprocessing = 0;
			shellPath = /bin/sh;
			shellScript = "if [ -d /usr/local/opt/openjdk@17/libexec/openjdk.jdk/Contents/Home ]; then\n  export JAVA_HOME=/usr/local/opt/openjdk@17/libexec/openjdk.jdk/Contents/Home\nfi\ncd \"$SRCROOT/..\"\n./gradlew :shared:embedAndSignAppleFrameworkForXcode\n";
		};
/* End PBXShellScriptBuildPhase section */

/* Begin PBXSourcesBuildPhase section */
		1A1A1A1A1A1A1A1A1A1A6001 /* Sources */ = {
			isa = PBXSourcesBuildPhase;
			buildActionMask = 2147483647;
			files = (
				1A1A1A1A1A1A1A1A1A1A1001 /* KmpTodoApp.swift in Sources */,
				1A1A1A1A1A1A1A1A1A1A1002 /* ContentView.swift in Sources */,
				1A1A1A1A1A1A1A1A1A1A1003 /* IosViewModelStoreOwner.swift in Sources */,
				1A1A1A1A1A1A1A1A1A1A1004 /* TodoObservableModel.swift in Sources */,
				1A1A1A1A1A1A1A1A1A1A1005 /* TodoModelHolder.swift in Sources */,
			);
			runOnlyForDeploymentPostprocessing = 0;
		};
/* End PBXSourcesBuildPhase section */

/* Begin PBXTargetDependency section */
		2B2B2B2B2B2B2B2B2B2B9003 /* PBXTargetDependency */ = {
			isa = PBXTargetDependency;
			target = 2B2B2B2B2B2B2B2B2B2B5001 /* SharedFramework */;
			targetProxy = 2B2B2B2B2B2B2B2B2B2B9001 /* PBXContainerItemProxy */;
		};
/* End PBXTargetDependency section */

/* Begin XCBuildConfiguration section */
		2B2B2B2B2B2B2B2B2B2B9101 /* Debug */ = {
			isa = XCBuildConfiguration;
			buildSettings = {
			};
			name = Debug;
		};
		2B2B2B2B2B2B2B2B2B2B9102 /* Release */ = {
			isa = XCBuildConfiguration;
			buildSettings = {
			};
			name = Release;
		};
		1A1A1A1A1A1A1A1A1A1A9101 /* Debug */ = {
			isa = XCBuildConfiguration;
			buildSettings = {
				ALWAYS_SEARCH_USER_PATHS = NO;
				CLANG_ENABLE_MODULES = YES;
				CLANG_ENABLE_OBJC_ARC = YES;
				CODE_SIGN_STYLE = Automatic;
				CURRENT_PROJECT_VERSION = 1;
				DEVELOPMENT_TEAM = "";
				ENABLE_USER_SCRIPT_SANDBOXING = NO;
				GENERATE_INFOPLIST_FILE = YES;
				INFOPLIST_KEY_CFBundleDisplayName = "KMP TODO";
				INFOPLIST_KEY_LSApplicationCategoryType = "public.app-category.productivity";
				INFOPLIST_KEY_UIApplicationSceneManifest_Generation = YES;
				INFOPLIST_KEY_UIApplicationSupportsIndirectInputEvents = YES;
				INFOPLIST_KEY_UILaunchScreen_Generation = YES;
				IPHONEOS_DEPLOYMENT_TARGET = 17.0;
				LD_RUNPATH_SEARCH_PATHS = (
					"$(inherited)",
					"@executable_path/Frameworks",
				);
				MARKETING_VERSION = 1.0;
				PRODUCT_BUNDLE_IDENTIFIER = com.example.kmptodo.ios;
				PRODUCT_NAME = "$(TARGET_NAME)";
				SDKROOT = iphoneos;
				SUPPORTED_PLATFORMS = "iphoneos iphonesimulator";
				SWIFT_VERSION = 5.0;
				TARGETED_DEVICE_FAMILY = "1,2";
			};
			name = Debug;
		};
		1A1A1A1A1A1A1A1A1A1A9102 /* Release */ = {
			isa = XCBuildConfiguration;
			buildSettings = {
				ALWAYS_SEARCH_USER_PATHS = NO;
				CLANG_ENABLE_MODULES = YES;
				CLANG_ENABLE_OBJC_ARC = YES;
				CODE_SIGN_STYLE = Automatic;
				CURRENT_PROJECT_VERSION = 1;
				DEVELOPMENT_TEAM = "";
				ENABLE_USER_SCRIPT_SANDBOXING = NO;
				GENERATE_INFOPLIST_FILE = YES;
				INFOPLIST_KEY_CFBundleDisplayName = "KMP TODO";
				INFOPLIST_KEY_LSApplicationCategoryType = "public.app-category.productivity";
				INFOPLIST_KEY_UIApplicationSceneManifest_Generation = YES;
				INFOPLIST_KEY_UIApplicationSupportsIndirectInputEvents = YES;
				INFOPLIST_KEY_UILaunchScreen_Generation = YES;
				IPHONEOS_DEPLOYMENT_TARGET = 17.0;
				LD_RUNPATH_SEARCH_PATHS = (
					"$(inherited)",
					"@executable_path/Frameworks",
				);
				MARKETING_VERSION = 1.0;
				PRODUCT_BUNDLE_IDENTIFIER = com.example.kmptodo.ios;
				PRODUCT_NAME = "$(TARGET_NAME)";
				SDKROOT = iphoneos;
				SUPPORTED_PLATFORMS = "iphoneos iphonesimulator";
				SWIFT_VERSION = 5.0;
				TARGETED_DEVICE_FAMILY = "1,2";
			};
			name = Release;
		};
		1A1A1A1A1A1A1A1A1A1A9201 /* Debug */ = {
			isa = XCBuildConfiguration;
			buildSettings = {
				ASSETCATALOG_COMPILER_APPICON_NAME = AppIcon;
				FRAMEWORK_SEARCH_PATHS = (
					"$(inherited)",
					"$(SRCROOT)/../shared/build/xcode-frameworks/$(CONFIGURATION)/$(SDK_NAME)",
				);
				OTHER_LDFLAGS = (
					"$(inherited)",
					"-framework",
					Shared,
				);
			};
			name = Debug;
		};
		1A1A1A1A1A1A1A1A1A1A9202 /* Release */ = {
			isa = XCBuildConfiguration;
			buildSettings = {
				ASSETCATALOG_COMPILER_APPICON_NAME = AppIcon;
				FRAMEWORK_SEARCH_PATHS = (
					"$(inherited)",
					"$(SRCROOT)/../shared/build/xcode-frameworks/$(CONFIGURATION)/$(SDK_NAME)",
				);
				OTHER_LDFLAGS = (
					"$(inherited)",
					"-framework",
					Shared,
				);
			};
			name = Release;
		};
/* End XCBuildConfiguration section */

/* Begin XCConfigurationList section */
		2B2B2B2B2B2B2B2B2B2B9002 /* Build configuration list for PBXAggregateTarget "SharedFramework" */ = {
			isa = XCConfigurationList;
			buildConfigurations = (
				2B2B2B2B2B2B2B2B2B2B9101 /* Debug */,
				2B2B2B2B2B2B2B2B2B2B9102 /* Release */,
			);
			defaultConfigurationIsVisible = 0;
			defaultConfigurationName = Release;
		};
		1A1A1A1A1A1A1A1A1A1A9001 /* Build configuration list for PBXProject "iosApp" */ = {
			isa = XCConfigurationList;
			buildConfigurations = (
				1A1A1A1A1A1A1A1A1A1A9101 /* Debug */,
				1A1A1A1A1A1A1A1A1A1A9102 /* Release */,
			);
			defaultConfigurationIsVisible = 0;
			defaultConfigurationName = Release;
		};
		1A1A1A1A1A1A1A1A1A1A9002 /* Build configuration list for PBXNativeTarget "iosApp" */ = {
			isa = XCConfigurationList;
			buildConfigurations = (
				1A1A1A1A1A1A1A1A1A1A9201 /* Debug */,
				1A1A1A1A1A1A1A1A1A1A9202 /* Release */,
			);
			defaultConfigurationIsVisible = 0;
			defaultConfigurationName = Release;
		};
/* End XCConfigurationList section */
	};
	rootObject = 1A1A1A1A1A1A1A1A1A1A8001 /* Project object */;
}
